
Microsoft Visual Studio Solution File, Format Version 12.00
# Visual Studio 15
VisualStudioVersion = 15.0.26730.16
MinimumVisualStudioVersion = 10.0.40219.1
Project("{FAE04EC0-301F-11D3-BF4B-00C04F79EFBC}") = "CameraTest3.Android", "CameraTest3\CameraTest3.Android\CameraTest3.Android.csproj", "{7E04EF74-4E41-4699-97DE-EE91507F0CAF}"
EndProject
Project("{FAE04EC0-301F-11D3-BF4B-00C04F79EFBC}") = "CameraTest3", "CameraTest3\CameraTest3\CameraTest3.csproj", "{3A86F1BD-7484-4495-A07F-A5766FD804A4}"
EndProject
Project("{FAE04EC0-301F-11D3-BF4B-00C04F79EFBC}") = "CameraTest3.UWP", "CameraTest3\CameraTest3.UWP\CameraTest3.UWP.csproj", "{E5A95DE3-1ADC-4EFE-B469-5BF7787A09AB}"
EndProject
Project("{FAE04EC0-301F-11D3-BF4B-00C04F79EFBC}") = "CameraTest3.iOS", "CameraTest3\CameraTest3.iOS\CameraTest3.iOS.csproj", "{8E309763-8FB2-45B8-903D-687ADFE5446E}"
EndProject
Global
	GlobalSection(SolutionConfigurationPlatforms) = preSolution
		Ad-Hoc|Any CPU = Ad-Hoc|Any CPU
		Ad-Hoc|ARM = Ad-Hoc|ARM
		Ad-Hoc|iPhone = Ad-Hoc|iPhone
		Ad-Hoc|iPhoneSimulator = Ad-Hoc|iPhoneSimulator
		Ad-Hoc|x64 = Ad-Hoc|x64
		Ad-Hoc|x86 = Ad-Hoc|x86
		AppStore|Any CPU = AppStore|Any CPU
		AppStore|ARM = AppStore|ARM
		AppStore|iPhone = AppStore|iPhone
		AppStore|iPhoneSimulator = AppStore|iPhoneSimulator
		AppStore|x64 = AppStore|x64
		AppStore|x86 = AppStore|x86
		Debug|Any CPU = Debug|Any CPU
		Debug|ARM = Debug|ARM
		Debug|iPhone = Debug|iPhone
		Debug|iPhoneSimulator = Debug|iPhoneSimulator
		Debug|x64 = Debug|x64
		Debug|x86 = Debug|x86
		Release|Any CPU = Release|Any CPU
		Release|ARM = Release|ARM
		Release|iPhone = Release|iPhone
		Release|iPhoneSimulator = Release|iPhoneSimulator
		Release|x64 = Release|x64
		Release|x86 = Release|x86
	EndGlobalSection
	GlobalSection(ProjectConfigurationPlatforms) = postSolution
		{7E04EF74-4E41-4699-97DE-EE91507F0CAF}.Ad-Hoc|Any CPU.ActiveCfg = Release|Any CPU
		{7E04EF74-4E41-4699-97DE-EE91507F0CAF}.Ad-Hoc|Any CPU.Build.0 = Release|Any CPU
		{7E04EF74-4E41-4699-97DE-EE91507F0CAF}.Ad-Hoc|Any CPU.Deploy.0 = Release|Any CPU
		{7E04EF74-4E41-4699-97DE-EE91507F0CAF}.Ad-Hoc|ARM.ActiveCfg = Release|Any CPU
		{7E04EF74-4E41-4699-97DE-EE91507F0CAF}.Ad-Hoc|ARM.Build.0 = Release|Any CPU
		{7E04EF74-4E41-4699-97DE-EE91507F0CAF}.Ad-Hoc|ARM.Deploy.0 = Release|Any CPU
		{7E04EF74-4E41-4699-97DE-EE91507F0CAF}.Ad-Hoc|iPhone.ActiveCfg = Release|Any CPU
		{7E04EF74-4E41-4699-97DE-EE91507F0CAF}.Ad-Hoc|iPhone.Build.0 = Release|Any CPU
		{7E04EF74-4E41-4699-97DE-EE91507F0CAF}.Ad-Hoc|iPhone.Deploy.0 = Release|Any CPU
		{7E04EF74-4E41-4699-97DE-EE91507F0CAF}.Ad-Hoc|iPhoneSimulator.ActiveCfg = Release|Any CPU
		{7E04EF74-4E41-4699-97DE-EE91507F0CAF}.Ad-Hoc|iPhoneSimulator.Build.0 = Release|Any CPU
		{7E04EF74-4E41-4699-97DE-EE91507F0CAF}.Ad-Hoc|iPhoneSimulator.Deploy.0 = Release|Any CPU
		{7E04EF74-4E41-4699-97DE-EE91507F0CAF}.Ad-Hoc|x64.ActiveCfg = Release|Any CPU
		{7E04EF74-4E41-4699-97DE-EE91507F0CAF}.Ad-Hoc|x64.Build.0 = Release|Any CPU
		{7E04EF74-4E41-4699-97DE-EE91507F0CAF}.Ad-Hoc|x64.Deploy.0 = Release|Any CPU
		{7E04EF74-4E41-4699-97DE-EE91507F0CAF}.Ad-Hoc|x86.ActiveCfg = Release|Any CPU
		{7E04EF74-4E41-4699-97DE-EE91507F0CAF}.Ad-Hoc|x86.Build.0 = Release|Any CPU
		{7E04EF74-4E41-4699-97DE-EE91507F0CAF}.Ad-Hoc|x86.Deploy.0 = Release|Any CPU
		{7E04EF74-4E41-4699-97DE-EE91507F0CAF}.AppStore|Any CPU.ActiveCfg = Release|Any CPU
		{7E04EF74-4E41-4699-97DE-EE91507F0CAF}.AppStore|Any CPU.Build.0 = Release|Any CPU
		{7E04EF74-4E41-4699-97DE-EE91507F0CAF}.AppStore|Any CPU.Deploy.0 = Release|Any CPU
		{7E04EF74-4E41-4699-97DE-EE91507F0CAF}.AppStore|ARM.ActiveCfg = Release|Any CPU
		{7E04EF74-4E41-4699-97DE-EE91507F0CAF}.AppStore|ARM.Build.0 = Release|Any CPU
		{7E04EF74-4E41-4699-97DE-EE91507F0CAF}.AppStore|ARM.Deploy.0 = Release|Any CPU
		{7E04EF74-4E41-4699-97DE-EE91507F0CAF}.AppStore|iPhone.ActiveCfg = Release|Any CPU
		{7E04EF74-4E41-4699-97DE-EE91507F0CAF}.AppStore|iPhone.Build.0 = Release|Any CPU
		{7E04EF74-4E41-4699-97DE-EE91507F0CAF}.AppStore|iPhone.Deploy.0 = Release|Any CPU
		{7E04EF74-4E41-4699-97DE-EE91507F0CAF}.AppStore|iPhoneSimulator.ActiveCfg = Release|Any CPU
		{7E04EF74-4E41-4699-97DE-EE91507F0CAF}.AppStore|iPhoneSimulator.Build.0 = Release|Any CPU
		{7E04EF74-4E41-4699-97DE-EE91507F0CAF}.AppStore|iPhoneSimulator.Deploy.0 = Release|Any CPU
		{7E04EF74-4E41-4699-97DE-EE91507F0CAF}.AppStore|x64.ActiveCfg = Release|Any CPU
		{7E04EF74-4E41-4699-97DE-EE91507F0CAF}.AppStore|x64.Build.0 = Release|Any CPU
		{7E04EF74-4E41-4699-97DE-EE91507F0CAF}.AppStore|x64.Deploy.0 = Release|Any CPU
		{7E04EF74-4E41-4699-97DE-EE91507F0CAF}.AppStore|x86.ActiveCfg = Release|Any CPU
		{7E04EF74-4E41-4699-97DE-EE91507F0CAF}.AppStore|x86.Build.0 = Release|Any CPU
		{7E04EF74-4E41-4699-97DE-EE91507F0CAF}.AppStore|x86.Deploy.0 = Release|Any CPU
		{7E04EF74-4E41-4699-97DE-EE91507F0CAF}.Debug|Any CPU.ActiveCfg = Debug|Any CPU
		{7E04EF74-4E41-4699-97DE-EE91507F0CAF}.Debug|Any CPU.Build.0 = Debug|Any CPU
		{7E04EF74-4E41-4699-97DE-EE91507F0CAF}.Debug|Any CPU.Deploy.0 = Debug|Any CPU
		{7E04EF74-4E41-4699-97DE-EE91507F0CAF}.Debug|ARM.ActiveCfg = Debug|Any CPU
		{7E04EF74-4E41-4699-97DE-EE91507F0CAF}.Debug|ARM.Build.0 = Debug|Any CPU
		{7E04EF74-4E41-4699-97DE-EE91507F0CAF}.Debug|ARM.Deploy.0 = Debug|Any CPU
		{7E04EF74-4E41-4699-97DE-EE91507F0CAF}.Debug|iPhone.ActiveCfg = Debug|Any CPU
		{7E04EF74-4E41-4699-97DE-EE91507F0CAF}.Debug|iPhone.Build.0 = Debug|Any CPU
		{7E04EF74-4E41-4699-97DE-EE91507F0CAF}.Debug|iPhone.Deploy.0 = Debug|Any CPU
		{7E04EF74-4E41-4699-97DE-EE91507F0CAF}.Debug|iPhoneSimulator.ActiveCfg = Debug|Any CPU
		{7E04EF74-4E41-4699-97DE-EE91507F0CAF}.Debug|iPhoneSimulator.Build.0 = Debug|Any CPU
		{7E04EF74-4E41-4699-97DE-EE91507F0CAF}.Debug|iPhoneSimulator.Deploy.0 = Debug|Any CPU
		{7E04EF74-4E41-4699-97DE-EE91507F0CAF}.Debug|x64.ActiveCfg = Debug|Any CPU
		{7E04EF74-4E41-4699-97DE-EE91507F0CAF}.Debug|x64.Build.0 = Debug|Any CPU
		{7E04EF74-4E41-4699-97DE-EE91507F0CAF}.Debug|x64.Deploy.0 = Debug|Any CPU
		{7E04EF74-4E41-4699-97DE-EE91507F0CAF}.Debug|x86.ActiveCfg = Debug|Any CPU
		{7E04EF74-4E41-4699-97DE-EE91507F0CAF}.Debug|x86.Build.0 = Debug|Any CPU
		{7E04EF74-4E41-4699-97DE-EE91507F0CAF}.Debug|x86.Deploy.0 = Debug|Any CPU
		{7E04EF74-4E41-4699-97DE-EE91507F0CAF}.Release|Any CPU.ActiveCfg = Release|Any CPU
		{7E04EF74-4E41-4699-97DE-EE91507F0CAF}.Release|Any CPU.Build.0 = Release|Any CPU
		{7E04EF74-4E41-4699-97DE-EE91507F0CAF}.Release|Any CPU.Deploy.0 = Release|Any CPU
		{7E04EF74-4E41-4699-97DE-EE91507F0CAF}.Release|ARM.ActiveCfg = Release|Any CPU
		{7E04EF74-4E41-4699-97DE-EE91507F0CAF}.Release|ARM.Build.0 = Release|Any CPU
		{7E04EF74-4E41-4699-97DE-EE91507F0CAF}.Release|ARM.Deploy.0 = Release|Any CPU
		{7E04EF74-4E41-4699-97DE-EE91507F0CAF}.Release|iPhone.ActiveCfg = Release|Any CPU
		{7E04EF74-4E41-4699-97DE-EE91507F0CAF}.Release|iPhone.Build.0 = Release|Any CPU
		{7E04EF74-4E41-4699-97DE-EE91507F0CAF}.Release|iPhone.Deploy.0 = Release|Any CPU
		{7E04EF74-4E41-4699-97DE-EE91507F0CAF}.Release|iPhoneSimulator.ActiveCfg = Release|Any CPU
		{7E04EF74-4E41-4699-97DE-EE91507F0CAF}.Release|iPhoneSimulator.Build.0 = Release|Any CPU
		{7E04EF74-4E41-4699-97DE-EE91507F0CAF}.Release|iPhoneSimulator.Deploy.0 = Release|Any CPU
		{7E04EF74-4E41-4699-97DE-EE91507F0CAF}.Release|x64.ActiveCfg = Release|Any CPU
		{7E04EF74-4E41-4699-97DE-EE91507F0CAF}.Release|x64.Build.0 = Release|Any CPU
		{7E04EF74-4E41-4699-97DE-EE91507F0CAF}.Release|x64.Deploy.0 = Release|Any CPU
		{7E04EF74-4E41-4699-97DE-EE91507F0CAF}.Release|x86.ActiveCfg = Release|Any CPU
		{7E04EF74-4E41-4699-97DE-EE91507F0CAF}.Release|x86.Build.0 = Release|Any CPU
		{7E04EF74-4E41-4699-97DE-EE91507F0CAF}.Release|x86.Deploy.0 = Release|Any CPU
		{3A86F1BD-7484-4495-A07F-A5766FD804A4}.Ad-Hoc|Any CPU.ActiveCfg = Release|Any CPU
		{3A86F1BD-7484-4495-A07F-A5766FD804A4}.Ad-Hoc|Any CPU.Build.0 = Release|Any CPU
		{3A86F1BD-7484-4495-A07F-A5766FD804A4}.Ad-Hoc|ARM.ActiveCfg = Release|Any CPU
		{3A86F1BD-7484-4495-A07F-A5766FD804A4}.Ad-Hoc|ARM.Build.0 = Release|Any CPU
		{3A86F1BD-7484-4495-A07F-A5766FD804A4}.Ad-Hoc|iPhone.ActiveCfg = Release|Any CPU
		{3A86F1BD-7484-4495-A07F-A5766FD804A4}.Ad-Hoc|iPhone.Build.0 = Release|Any CPU
		{3A86F1BD-7484-4495-A07F-A5766FD804A4}.Ad-Hoc|iPhoneSimulator.ActiveCfg = Release|Any CPU
		{3A86F1BD-7484-4495-A07F-A5766FD804A4}.Ad-Hoc|iPhoneSimulator.Build.0 = Release|Any CPU
		{3A86F1BD-7484-4495-A07F-A5766FD804A4}.Ad-Hoc|x64.ActiveCfg = Release|Any CPU
		{3A86F1BD-7484-4495-A07F-A5766FD804A4}.Ad-Hoc|x64.Build.0 = Release|Any CPU
		{3A86F1BD-7484-4495-A07F-A5766FD804A4}.Ad-Hoc|x86.ActiveCfg = Release|Any CPU
		{3A86F1BD-7484-4495-A07F-A5766FD804A4}.Ad-Hoc|x86.Build.0 = Release|Any CPU
		{3A86F1BD-7484-4495-A07F-A5766FD804A4}.AppStore|Any CPU.ActiveCfg = Release|Any CPU
		{3A86F1BD-7484-4495-A07F-A5766FD804A4}.AppStore|Any CPU.Build.0 = Release|Any CPU
		{3A86F1BD-7484-4495-A07F-A5766FD804A4}.AppStore|ARM.ActiveCfg = Release|Any CPU
		{3A86F1BD-7484-4495-A07F-A5766FD804A4}.AppStore|ARM.Build.0 = Release|Any CPU
		{3A86F1BD-7484-4495-A07F-A5766FD804A4}.AppStore|iPhone.ActiveCfg = Release|Any CPU
		{3A86F1BD-7484-4495-A07F-A5766FD804A4}.AppStore|iPhone.Build.0 = Release|Any CPU
		{3A86F1BD-7484-4495-A07F-A5766FD804A4}.AppStore|iPhoneSimulator.ActiveCfg = Release|Any CPU
		{3A86F1BD-7484-4495-A07F-A5766FD804A4}.AppStore|iPhoneSimulator.Build.0 = Release|Any CPU
		{3A86F1BD-7484-4495-A07F-A5766FD804A4}.AppStore|x64.ActiveCfg = Release|Any CPU
		{3A86F1BD-7484-4495-A07F-A5766FD804A4}.AppStore|x64.Build.0 = Release|Any CPU
		{3A86F1BD-7484-4495-A07F-A5766FD804A4}.AppStore|x86.ActiveCfg = Release|Any CPU
		{3A86F1BD-7484-4495-A07F-A5766FD804A4}.AppStore|x86.Build.0 = Release|Any CPU
		{3A86F1BD-7484-4495-A07F-A5766FD804A4}.Debug|Any CPU.ActiveCfg = Debug|Any CPU
		{3A86F1BD-7484-4495-A07F-A5766FD804A4}.Debug|Any CPU.Build.0 = Debug|Any CPU
		{3A86F1BD-7484-4495-A07F-A5766FD804A4}.Debug|ARM.ActiveCfg = Debug|Any CPU
		{3A86F1BD-7484-4495-A07F-A5766FD804A4}.Debug|ARM.Build.0 = Debug|Any CPU
		{3A86F1BD-7484-4495-A07F-A5766FD804A4}.Debug|iPhone.ActiveCfg = Debug|Any CPU
		{3A86F1BD-7484-4495-A07F-A5766FD804A4}.Debug|iPhone.Build.0 = Debug|Any CPU
		{3A86F1BD-7484-4495-A07F-A5766FD804A4}.Debug|iPhoneSimulator.ActiveCfg = Debug|Any CPU
		{3A86F1BD-7484-4495-A07F-A5766FD804A4}.Debug|iPhoneSimulator.Build.0 = Debug|Any CPU
		{3A86F1BD-7484-4495-A07F-A5766FD804A4}.Debug|x64.ActiveCfg = Debug|Any CPU
		{3A86F1BD-7484-4495-A07F-A5766FD804A4}.Debug|x64.Build.0 = Debug|Any CPU
		{3A86F1BD-7484-4495-A07F-A5766FD804A4}.Debug|x86.ActiveCfg = Debug|Any CPU
		{3A86F1BD-7484-4495-A07F-A5766FD804A4}.Debug|x86.Build.0 = Debug|Any CPU
		{3A86F1BD-7484-4495-A07F-A5766FD804A4}.Release|Any CPU.ActiveCfg = Release|Any CPU
		{3A86F1BD-7484-4495-A07F-A5766FD804A4}.Release|Any CPU.Build.0 = Release|Any CPU
		{3A86F1BD-7484-4495-A07F-A5766FD804A4}.Release|ARM.ActiveCfg = Release|Any CPU
		{3A86F1BD-7484-4495-A07F-A5766FD804A4}.Release|ARM.Build.0 = Release|Any CPU
		{3A86F1BD-7484-4495-A07F-A5766FD804A4}.Release|iPhone.ActiveCfg = Release|Any CPU
		{3A86F1BD-7484-4495-A07F-A5766FD804A4}.Release|iPhone.Build.0 = Release|Any CPU
		{3A86F1BD-7484-4495-A07F-A5766FD804A4}.Release|iPhoneSimulator.ActiveCfg = Release|Any CPU
		{3A86F1BD-7484-4495-A07F-A5766FD804A4}.Release|iPhoneSimulator.Build.0 = Release|Any CPU
		{3A86F1BD-7484-4495-A07F-A5766FD804A4}.Release|x64.ActiveCfg = Release|Any CPU
		{3A86F1BD-7484-4495-A07F-A5766FD804A4}.Release|x64.Build.0 = Release|Any CPU
		{3A86F1BD-7484-4495-A07F-A5766FD804A4}.Release|x86.ActiveCfg = Release|Any CPU
		{3A86F1BD-7484-4495-A07F-A5766FD804A4}.Release|x86.Build.0 = Release|Any CPU
		{E5A95DE3-1ADC-4EFE-B469-5BF7787A09AB}.Ad-Hoc|Any CPU.ActiveCfg = Release|x86
		{E5A95DE3-1ADC-4EFE-B469-5BF7787A09AB}.Ad-Hoc|Any CPU.Build.0 = Release|x86
		{E5A95DE3-1ADC-4EFE-B469-5BF7787A09AB}.Ad-Hoc|Any CPU.Deploy.0 = Release|x86
		{E5A95DE3-1ADC-4EFE-B469-5BF7787A09AB}.Ad-Hoc|ARM.ActiveCfg = Release|ARM
		{E5A95DE3-1ADC-4EFE-B469-5BF7787A09AB}.Ad-Hoc|ARM.Build.0 = Release|ARM
		{E5A95DE3-1ADC-4EFE-B469-5BF7787A09AB}.Ad-Hoc|ARM.Deploy.0 = Release|ARM
		{E5A95DE3-1ADC-4EFE-B469-5BF7787A09AB}.Ad-Hoc|iPhone.ActiveCfg = Release|x86
		{E5A95DE3-1ADC-4EFE-B469-5BF7787A09AB}.Ad-Hoc|iPhone.Build.0 = Release|x86
		{E5A95DE3-1ADC-4EFE-B469-5BF7787A09AB}.Ad-Hoc|iPhone.Deploy.0 = Release|x86
		{E5A95DE3-1ADC-4EFE-B469-5BF7787A09AB}.Ad-Hoc|iPhoneSimulator.ActiveCfg = Release|x86
		{E5A95DE3-1ADC-4EFE-B469-5BF7787A09AB}.Ad-Hoc|iPhoneSimulator.Build.0 = Release|x86
		{E5A95DE3-1ADC-4EFE-B469-5BF7787A09AB}.Ad-Hoc|iPhoneSimulator.Deploy.0 = Release|x86
		{E5A95DE3-1ADC-4EFE-B469-5BF7787A09AB}.Ad-Hoc|x64.ActiveCfg = Release|x64
		{E5A95DE3-1ADC-4EFE-B469-5BF7787A09AB}.Ad-Hoc|x64.Build.0 = Release|x64
		{E5A95DE3-1ADC-4EFE-B469-5BF7787A09AB}.Ad-Hoc|x64.Deploy.0 = Release|x64
		{E5A95DE3-1ADC-4EFE-B469-5BF7787A09AB}.Ad-Hoc|x86.ActiveCfg = Release|x86
		{E5A95DE3-1ADC-4EFE-B469-5BF7787A09AB}.Ad-Hoc|x86.Build.0 = Release|x86
		{E5A95DE3-1ADC-4EFE-B469-5BF7787A09AB}.Ad-Hoc|x86.Deploy.0 = Release|x86
		{E5A95DE3-1ADC-4EFE-B469-5BF7787A09AB}.AppStore|Any CPU.ActiveCfg = Release|x86
		{E5A95DE3-1ADC-4EFE-B469-5BF7787A09AB}.AppStore|Any CPU.Build.0 = Release|x86
		{E5A95DE3-1ADC-4EFE-B469-5BF7787A09AB}.AppStore|Any CPU.Deploy.0 = Release|x86
		{E5A95DE3-1ADC-4EFE-B469-5BF7787A09AB}.AppStore|ARM.ActiveCfg = Release|ARM
		{E5A95DE3-1ADC-4EFE-B469-5BF7787A09AB}.AppStore|ARM.Build.0 = Release|ARM
		{E5A95DE3-1ADC-4EFE-B469-5BF7787A09AB}.AppStore|ARM.Deploy.0 = Release|ARM
		{E5A95DE3-1ADC-4EFE-B469-5BF7787A09AB}.AppStore|iPhone.ActiveCfg = Release|x86
		{E5A95DE3-1ADC-4EFE-B469-5BF7787A09AB}.AppStore|iPhone.Build.0 = Release|x86
		{E5A95DE3-1ADC-4EFE-B469-5BF7787A09AB}.AppStore|iPhone.Deploy.0 = Release|x86
		{E5A95DE3-1ADC-4EFE-B469-5BF7787A09AB}.AppStore|iPhoneSimulator.ActiveCfg = Release|x86
		{E5A95DE3-1ADC-4EFE-B469-5BF7787A09AB}.AppStore|iPhoneSimulator.Build.0 = Release|x86
		{E5A95DE3-1ADC-4EFE-B469-5BF7787A09AB}.AppStore|iPhoneSimulator.Deploy.0 = Release|x86
		{E5A95DE3-1ADC-4EFE-B469-5BF7787A09AB}.AppStore|x64.ActiveCfg = Release|x64
		{E5A95DE3-1ADC-4EFE-B469-5BF7787A09AB}.AppStore|x64.Build.0 = Release|x64
		{E5A95DE3-1ADC-4EFE-B469-5BF7787A09AB}.AppStore|x64.Deploy.0 = Release|x64
		{E5A95DE3-1ADC-4EFE-B469-5BF7787A09AB}.AppStore|x86.ActiveCfg = Release|x86
		{E5A95DE3-1ADC-4EFE-B469-5BF7787A09AB}.AppStore|x86.Build.0 = Release|x86
		{E5A95DE3-1ADC-4EFE-B469-5BF7787A09AB}.AppStore|x86.Deploy.0 = Release|x86
		{E5A95DE3-1ADC-4EFE-B469-5BF7787A09AB}.Debug|Any CPU.ActiveCfg = Debug|x86
		{E5A95DE3-1ADC-4EFE-B469-5BF7787A09AB}.Debug|ARM.ActiveCfg = Debug|ARM
		{E5A95DE3-1ADC-4EFE-B469-5BF7787A09AB}.Debug|ARM.Build.0 = Debug|ARM
		{E5A95DE3-1ADC-4EFE-B469-5BF7787A09AB}.Debug|ARM.Deploy.0 = Debug|ARM
		{E5A95DE3-1ADC-4EFE-B469-5BF7787A09AB}.Debug|iPhone.ActiveCfg = Debug|x86
		{E5A95DE3-1ADC-4EFE-B469-5BF7787A09AB}.Debug|iPhoneSimulator.ActiveCfg = Debug|x86
		{E5A95DE3-1ADC-4EFE-B469-5BF7787A09AB}.Debug|x64.ActiveCfg = Debug|x64
		{E5A95DE3-1ADC-4EFE-B469-5BF7787A09AB}.Debug|x64.Build.0 = Debug|x64
		{E5A95DE3-1ADC-4EFE-B469-5BF7787A09AB}.Debug|x64.Deploy.0 = Debug|x64
		{E5A95DE3-1ADC-4EFE-B469-5BF7787A09AB}.Debug|x86.ActiveCfg = Debug|x86
		{E5A95DE3-1ADC-4EFE-B469-5BF7787A09AB}.Debug|x86.Build.0 = Debug|x86
		{E5A95DE3-1ADC-4EFE-B469-5BF7787A09AB}.Debug|x86.Deploy.0 = Debug|x86
		{E5A95DE3-1ADC-4EFE-B469-5BF7787A09AB}.Release|Any CPU.ActiveCfg = Release|x86
		{E5A95DE3-1ADC-4EFE-B469-5BF7787A09AB}.Release|ARM.ActiveCfg = Release|ARM
		{E5A95DE3-1ADC-4EFE-B469-5BF7787A09AB}.Release|ARM.Build.0 = Release|ARM
		{E5A95DE3-1ADC-4EFE-B469-5BF7787A09AB}.Release|ARM.Deploy.0 = Release|ARM
		{E5A95DE3-1ADC-4EFE-B469-5BF7787A09AB}.Release|iPhone.ActiveCfg = Release|x86
		{E5A95DE3-1ADC-4EFE-B469-5BF7787A09AB}.Release|iPhoneSimulator.ActiveCfg = Release|x86
		{E5A95DE3-1ADC-4EFE-B469-5BF7787A09AB}.Release|x64.ActiveCfg = Release|x64
		{E5A95DE3-1ADC-4EFE-B469-5BF7787A09AB}.Release|x64.Build.0 = Release|x64
		{E5A95DE3-1ADC-4EFE-B469-5BF7787A09AB}.Release|x64.Deploy.0 = Release|x64
		{E5A95DE3-1ADC-4EFE-B469-5BF7787A09AB}.Release|x86.ActiveCfg = Release|x86
		{E5A95DE3-1ADC-4EFE-B469-5BF7787A09AB}.Release|x86.Build.0 = Release|x86
		{E5A95DE3-1ADC-4EFE-B469-5BF7787A09AB}.Release|x86.Deploy.0 = Release|x86
		{8E309763-8FB2-45B8-903D-687ADFE5446E}.Ad-Hoc|Any CPU.ActiveCfg = Ad-Hoc|iPhone
		{8E309763-8FB2-45B8-903D-687ADFE5446E}.Ad-Hoc|ARM.ActiveCfg = Ad-Hoc|iPhone
		{8E309763-8FB2-45B8-903D-687ADFE5446E}.Ad-Hoc|iPhone.ActiveCfg = Ad-Hoc|iPhone
		{8E309763-8FB2-45B8-903D-687ADFE5446E}.Ad-Hoc|iPhone.Build.0 = Ad-Hoc|iPhone
		{8E309763-8FB2-45B8-903D-687ADFE5446E}.Ad-Hoc|iPhoneSimulator.ActiveCfg = Ad-Hoc|iPhoneSimulator
		{8E309763-8FB2-45B8-903D-687ADFE5446E}.Ad-Hoc|iPhoneSimulator.Build.0 = Ad-Hoc|iPhoneSimulator
		{8E309763-8FB2-45B8-903D-687ADFE5446E}.Ad-Hoc|x64.ActiveCfg = Ad-Hoc|iPhone
		{8E309763-8FB2-45B8-903D-687ADFE5446E}.Ad-Hoc|x86.ActiveCfg = Ad-Hoc|iPhone
		{8E309763-8FB2-45B8-903D-687ADFE5446E}.AppStore|Any CPU.ActiveCfg = AppStore|iPhone
		{8E309763-8FB2-45B8-903D-687ADFE5446E}.AppStore|ARM.ActiveCfg = AppStore|iPhone
		{8E309763-8FB2-45B8-903D-687ADFE5446E}.AppStore|iPhone.ActiveCfg = AppStore|iPhone
		{8E309763-8FB2-45B8-903D-687ADFE5446E}.AppStore|iPhone.Build.0 = AppStore|iPhone
		{8E309763-8FB2-45B8-903D-687ADFE5446E}.AppStore|iPhoneSimulator.ActiveCfg = AppStore|iPhoneSimulator
		{8E309763-8FB2-45B8-903D-687ADFE5446E}.AppStore|iPhoneSimulator.Build.0 = AppStore|iPhoneSimulator
		{8E309763-8FB2-45B8-903D-687ADFE5446E}.AppStore|x64.ActiveCfg = AppStore|iPhone
		{8E309763-8FB2-45B8-903D-687ADFE5446E}.AppStore|x86.ActiveCfg = AppStore|iPhone
		{8E309763-8FB2-45B8-903D-687ADFE5446E}.Debug|Any CPU.ActiveCfg = Debug|iPhone
		{8E309763-8FB2-45B8-903D-687ADFE5446E}.Debug|ARM.ActiveCfg = Debug|iPhone
		{8E309763-8FB2-45B8-903D-687ADFE5446E}.Debug|iPhone.ActiveCfg = Debug|iPhone
		{8E309763-8FB2-45B8-903D-687ADFE5446E}.Debug|iPhone.Build.0 = Debug|iPhone
		{8E309763-8FB2-45B8-903D-687ADFE5446E}.Debug|iPhoneSimulator.ActiveCfg = Debug|iPhoneSimulator
		{8E309763-8FB2-45B8-903D-687ADFE5446E}.Debug|iPhoneSimulator.Build.0 = Debug|iPhoneSimulator
		{8E309763-8FB2-45B8-903D-687ADFE5446E}.Debug|x64.ActiveCfg = Debug|iPhone
		{8E309763-8FB2-45B8-903D-687ADFE5446E}.Debug|x86.ActiveCfg = Debug|iPhone
		{8E309763-8FB2-45B8-903D-687ADFE5446E}.Release|Any CPU.ActiveCfg = Release|iPhone
		{8E309763-8FB2-45B8-903D-687ADFE5446E}.Release|ARM.ActiveCfg = Release|iPhone
		{8E309763-8FB2-45B8-903D-687ADFE5446E}.Release|iPhone.ActiveCfg = Release|iPhone
		{8E309763-8FB2-45B8-903D-687ADFE5446E}.Release|iPhone.Build.0 = Release|iPhone
		{8E309763-8FB2-45B8-903D-687ADFE5446E}.Release|iPhoneSimulator.ActiveCfg = Release|iPhoneSimulator
		{8E309763-8FB2-45B8-903D-687ADFE5446E}.Release|iPhoneSimulator.Build.0 = Release|iPhoneSimulator
		{8E309763-8FB2-45B8-903D-687ADFE5446E}.Release|x64.ActiveCfg = Release|iPhone
		{8E309763-8FB2-45B8-903D-687ADFE5446E}.Release|x86.ActiveCfg = Release|iPhone
	EndGlobalSection
	GlobalSection(SolutionProperties) = preSolution
		HideSolutionNode = FALSE
	EndGlobalSection
	GlobalSection(ExtensibilityGlobals) = postSolution
		SolutionGuid = {9F07984B-8E2D-4A9A-8E3C-6E3543C968B3}
	EndGlobalSection
EndGlobal
